// !$*UTF8*$!
{
	archiveVersion = 1;
	classes = {
	};
	objectVersion = 46;
	objects = {

/* Begin PBXBuildFile section */
		696C439F1C41A88F00ED3335 /* AppDelegate.swift in Sources */ = {isa = PBXBuildFile; fileRef = 696C439E1C41A88F00ED3335 /* AppDelegate.swift */; };
		696C43A11C41A88F00ED3335 /* ViewController.swift in Sources */ = {isa = PBXBuildFile; fileRef = 696C43A01C41A88F00ED3335 /* ViewController.swift */; };
		696C43A41C41A88F00ED3335 /* Main.storyboard in Resources */ = {isa = PBXBuildFile; fileRef = 696C43A21C41A88F00ED3335 /* Main.storyboard */; };
		696C43A61C41A88F00ED3335 /* Assets.xcassets in Resources */ = {isa = PBXBuildFile; fileRef = 696C43A51C41A88F00ED3335 /* Assets.xcassets */; };
		696C43A91C41A88F00ED3335 /* LaunchScreen.storyboard in Resources */ = {isa = PBXBuildFile; fileRef = 696C43A71C41A88F00ED3335 /* LaunchScreen.storyboard */; };
/* End PBXBuildFile section */

/* Begin PBXFileReference section */
		696C439B1C41A88F00ED3335 /* SuperCool.app */ = {isa = PBXFileReference; explicitFileType = wrapper.application; includeInIndex = 0; path = SuperCool.app; sourceTree = BUILT_PRODUCTS_DIR; };
		696C439E1C41A88F00ED3335 /* AppDelegate.swift */ = {isa = PBXFileReference; lastKnownFileType = sourcecode.swift; path = AppDelegate.swift; sourceTree = "<group>"; };
		696C43A01C41A88F00ED3335 /* ViewController.swift */ = {isa = PBXFileReference; lastKnownFileType = sourcecode.swift; path = ViewController.swift; sourceTree = "<group>"; };
		696C43A31C41A88F00ED3335 /* Base */ = {isa = PBXFileReference; lastKnownFileType = file.storyboard; name = Base; path = Base.lproj/Main.storyboard; sourceTree = "<group>"; };
		696C43A51C41A88F00ED3335 /* Assets.xcassets */ = {isa = PBXFileReference; lastKnownFileType = folder.assetcatalog; path = Assets.xcassets; sourceTree = "<group>"; };
		696C43A81C41A88F00ED3335 /* Base */ = {isa = PBXFileReference; lastKnownFileType = file.storyboard; name = Base; path = Base.lproj/LaunchScreen.storyboard; sourceTree = "<group>"; };
		696C43AA1C41A89000ED3335 /* Info.plist */ = {isa = PBXFileReference; lastKnownFileType = text.plist.xml; path = Info.plist; sourceTree = "<group>"; };
/* End PBXFileReference section */

/* Begin PBXFrameworksBuildPhase section */
		696C43981C41A88F00ED3335 /* Frameworks */ = {
			isa = PBXFrameworksBuildPhase;
			buildActionMask = 2147483647;
			files = (
			);
			runOnlyForDeploymentPostprocessing = 0;
		};
/* End PBXFrameworksBuildPhase section */

/* Begin PBXGroup section */
		696C43921C41A88F00ED3335 = {
			isa = PBXGroup;
			children = (
				696C439D1C41A88F00ED3335 /* SuperCool */,
				696C439C1C41A88F00ED3335 /* Products */,
			);
			sourceTree = "<group>";
		};
		696C439C1C41A88F00ED3335 /* Products */ = {
			isa = PBXGroup;
			children = (
				696C439B1C41A88F00ED3335 /* SuperCool.app */,
			);
			name = Products;
			sourceTree = "<group>";
		};
		696C439D1C41A88F00ED3335 /* SuperCool */ = {
			isa = PBXGroup;
			children = (
				696C439E1C41A88F00ED3335 /* AppDelegate.swift */,
				696C43A01C41A88F00ED3335 /* ViewController.swift */,
				696C43A21C41A88F00ED3335 /* Main.storyboard */,
				696C43A51C41A88F00ED3335 /* Assets.xcassets */,
				696C43A71C41A88F00ED3335 /* LaunchScreen.storyboard */,
				696C43AA1C41A89000ED3335 /* Info.plist */,
			);
			path = SuperCool;
			sourceTree = "<group>";
		};
/* End PBXGroup section */

/* Begin PBXNativeTarget section */
		696C439A1C41A88F00ED3335 /* SuperCool */ = {
			isa = PBXNativeTarget;
			buildConfigurationList = 696C43AD1C41A89000ED3335 /* Build configuration list for PBXNativeTarget "SuperCool" */;
			buildPhases = (
				696C43971C41A88F00ED3335 /* Sources */,
				696C43981C41A88F00ED3335 /* Frameworks */,
				696C43991C41A88F00ED3335 /* Resources */,
			);
			buildRules = (
			);
			dependencies = (
			);
			name = SuperCool;
			productName = SuperCool;
			productReference = 696C439B1C41A88F00ED3335 /* SuperCool.app */;
			productType = "com.apple.product-type.application";
		};
/* End PBXNativeTarget section */

/* Begin PBXProject section */
		696C43931C41A88F00ED3335 /* Project object */ = {
			isa = PBXProject;
			attributes = {
				LastSwiftUpdateCheck = 0720;
				LastUpgradeCheck = 0720;
				ORGANIZATIONNAME = Santoro;
				TargetAttributes = {
					696C439A1C41A88F00ED3335 = {
						CreatedOnToolsVersion = 7.2;
					};
				};
			};
			buildConfigurationList = 696C43961C41A88F00ED3335 /* Build configuration list for PBXProject "SuperCool" */;
			compatibilityVersion = "Xcode 3.2";
			developmentRegion = English;
			hasScannedForEncodings = 0;
			knownRegions = (
				en,
				Base,
			);
			mainGroup = 696C43921C41A88F00ED3335;
			productRefGroup = 696C439C1C41A88F00ED3335 /* Products */;
			projectDirPath = "";
			projectRoot = "";
			targets = (
				696C439A1C41A88F00ED3335 /* SuperCool */,
			);
		};
/* End PBXProject section */

/* Begin PBXResourcesBuildPhase section */
		696C43991C41A88F00ED3335 /* Resources */ = {
			isa = PBXResourcesBuildPhase;
			buildActionMask = 2147483647;
			files = (
				696C43A91C41A88F00ED3335 /* LaunchScreen.storyboard in Resources */,
				696C43A61C41A88F00ED3335 /* Assets.xcassets in Resources */,
				696C43A41C41A88F00ED3335 /* Main.storyboard in Resources */,
			);
			runOnlyForDeploymentPostprocessing = 0;
		};
/* End PBXResourcesBuildPhase section */

/* Begin PBXSourcesBuildPhase section */
		696C43971C41A88F00ED3335 /* Sources */ = {
			isa = PBXSourcesBuildPhase;
			buildActionMask = 2147483647;
			files = (
				696C43A11C41A88F00ED3335 /* ViewController.swift in Sources */,
				696C439F1C41A88F00ED3335 /* AppDelegate.swift in Sources */,
			);
			runOnlyForDeploymentPostprocessing = 0;
		};
/* End PBXSourcesBuildPhase section */

/* Begin PBXVariantGroup section */
		696C43A21C41A88F00ED3335 /* Main.storyboard */ = {
			isa = PBXVariantGroup;
			children = (
				696C43A31C41A88F00ED3335 /* Base */,
			);
			name = Main.storyboard;
			sourceTree = "<group>";
		};
		696C43A71C41A88F00ED3335 /* LaunchScreen.storyboard */ = {
			isa = PBXVariantGroup;
			children = (
				696C43A81C41A88F00ED3335 /* Base */,
			);
			name = LaunchScreen.storyboard;
			sourceTree = "<group>";
		};
/* End PBXVariantGroup section */

/* Begin XCBuildConfiguration section */
		696C43AB1C41A89000ED3335 /* Debug */ = {
			isa = XCBuildConfiguration;
			buildSettings = {
				ALWAYS_SEARCH_USER_PATHS = NO;
				CLANG_CXX_LANGUAGE_STANDARD = "gnu++0x";
				CLANG_CXX_LIBRARY = "libc++";
				CLANG_ENABLE_MODULES = YES;
				CLANG_ENABLE_OBJC_ARC = YES;
				CLANG_WARN_BOOL_CONVERSION = YES;
				CLANG_WARN_CONSTANT_CONVERSION = YES;
				CLANG_WARN_DIRECT_OBJC_ISA_USAGE = YES_ERROR;
				CLANG_WARN_EMPTY_BODY = YES;
				CLANG_WARN_ENUM_CONVERSION = YES;
				CLANG_WARN_INT_CONVERSION = YES;
				CLANG_WARN_OBJC_ROOT_CLASS = YES_ERROR;
				CLANG_WARN_UNREACHABLE_CODE = YES;
				CLANG_WARN__DUPLICATE_METHOD_MATCH = YES;
				"CODE_SIGN_IDENTITY[sdk=iphoneos*]" = "iPhone Developer";
				COPY_PHASE_STRIP = NO;
				DEBUG_INFORMATION_FORMAT = dwarf;
				ENABLE_STRICT_OBJC_MSGSEND = YES;
				ENABLE_TESTABILITY = YES;
				GCC_C_LANGUAGE_STANDARD = gnu99;
				GCC_DYNAMIC_NO_PIC = NO;
				GCC_NO_COMMON_BLOCKS = YES;
				GCC_OPTIMIZATION_LEVEL = 0;
				GCC_PREPROCESSOR_DEFINITIONS = (
					"DEBUG=1",
					"$(inherited)",
				);
				GCC_WARN_64_TO_32_BIT_CONVERSION = YES;
				GCC_WARN_ABOUT_RETURN_TYPE = YES_ERROR;
				GCC_WARN_UNDECLARED_SELECTOR = YES;
				GCC_WARN_UNINITIALIZED_AUTOS = YES_AGGRESSIVE;
				GCC_WARN_UNUSED_FUNCTION = YES;
				GCC_WARN_UNUSED_VARIABLE = YES;
				IPHONEOS_DEPLOYMENT_TARGET = 9.2;
				MTL_ENABLE_DEBUG_INFO = YES;
				ONLY_ACTIVE_ARCH = YES;
				SDKROOT = iphoneos;
				SWIFT_OPTIMIZATION_LEVEL = "-Onone";
			};
			name = Debug;
		};
		696C43AC1C41A89000ED3335 /* Release */ = {
			isa = XCBuildConfiguration;
			buildSettings = {
				ALWAYS_SEARCH_USER_PATHS = NO;
				CLANG_CXX_LANGUAGE_STANDARD = "gnu++0x";
				CLANG_CXX_LIBRARY = "libc++";
				CLANG_ENABLE_MODULES = YES;
				CLANG_ENABLE_OBJC_ARC = YES;
				CLANG_WARN_BOOL_CONVERSION = YES;
				CLANG_WARN_CONSTANT_CONVERSION = YES;
				CLANG_WARN_DIRECT_OBJC_ISA_USAGE = YES_ERROR;
				CLANG_WARN_EMPTY_BODY = YES;
				CLANG_WARN_ENUM_CONVERSION = YES;
				CLANG_WARN_INT_CONVERSION = YES;
				CLANG_WARN_OBJC_ROOT_CLASS = YES_ERROR;
				CLANG_WARN_UNREACHABLE_CODE = YES;
				CLANG_WARN__DUPLICATE_METHOD_MATCH = YES;
				"CODE_SIGN_IDENTITY[sdk=iphoneos*]" = "iPhone Developer";
				COPY_PHASE_STRIP = NO;
				DEBUG_INFORMATION_FORMAT = "dwarf-with-dsym";
				ENABLE_NS_ASSERTIONS = NO;
				ENABLE_STRICT_OBJC_MSGSEND = YES;
				GCC_C_LANGUAGE_STANDARD = gnu99;
				GCC_NO_COMMON_BLOCKS = YES;
				GCC_WARN_64_TO_32_BIT_CONVERSION = YES;
				GCC_WARN_ABOUT_RETURN_TYPE = YES_ERROR;
				GCC_WARN_UNDECLARED_SELECTOR = YES;
				GCC_WARN_UNINITIALIZED_AUTOS = YES_AGGRESSIVE;
				GCC_WARN_UNUSED_FUNCTION = YES;
				GCC_WARN_UNUSED_VARIABLE = YES;
				IPHONEOS_DEPLOYMENT_TARGET = 9.2;
				MTL_ENABLE_DEBUG_INFO = NO;
				SDKROOT = iphoneos;
				VALIDATE_PRODUCT = YES;
			};
			name = Release;
		};
		696C43AE1C41A89000ED3335 /* Debug */ = {
			isa = XCBuildConfiguration;
			buildSettings = {
				ASSETCATALOG_COMPILER_APPICON_NAME = AppIcon;
				INFOPLIST_FILE = SuperCool/Info.plist;
				LD_RUNPATH_SEARCH_PATHS = "$(inherited) @executable_path/Frameworks";
				PRODUCT_BUNDLE_IDENTIFIER = com.Santoro.SuperCool;
				PRODUCT_NAME = "$(TARGET_NAME)";
			};
			name = Debug;
		};
		696C43AF1C41A89000ED3335 /* Release */ = {
			isa = XCBuildConfiguration;
			buildSettings = {
				ASSETCATALOG_COMPILER_APPICON_NAME = AppIcon;
				INFOPLIST_FILE = SuperCool/Info.plist;
				LD_RUNPATH_SEARCH_PATHS = "$(inherited) @executable_path/Frameworks";
				PRODUCT_BUNDLE_IDENTIFIER = com.Santoro.SuperCool;
				PRODUCT_NAME = "$(TARGET_NAME)";
			};
			name = Release;
		};
/* End XCBuildConfiguration section */

/* Begin XCConfigurationList section */
		696C43961C41A88F00ED3335 /* Build configuration list for PBXProject "SuperCool" */ = {
			isa = XCConfigurationList;
			buildConfigurations = (
				696C43AB1C41A89000ED3335 /* Debug */,
				696C43AC1C41A89000ED3335 /* Release */,
			);
			defaultConfigurationIsVisible = 0;
			defaultConfigurationName = Release;
		};
		696C43AD1C41A89000ED3335 /* Build configuration list for PBXNativeTarget "SuperCool" */ = {
			isa = XCConfigurationList;
			buildConfigurations = (
				696C43AE1C41A89000ED3335 /* Debug */,
				696C43AF1C41A89000ED3335 /* Release */,
			);
			defaultConfigurationIsVisible = 0;
		};
/* End XCConfigurationList section */
	};
	rootObject = 696C43931C41A88F00ED3335 /* Project object */;
}
